Microsoft Visual Studio Solution File, Format Version 11.00
# Visual Studio 2008

Project("{4AF667D1-4EA3-38AB-3F95-99DC2D25D936}") = "Missile Game", "Assembly-CSharp-firstpass-vs.csproj", "{C0FAFD5A-CE82-033F-A348-3FD63FFDCA60}"
EndProject
Project("{4AF667D1-4EA3-38AB-3F95-99DC2D25D936}") = "Missile Game", "Assembly-CSharp-vs.csproj", "{10B58E60-EBBB-10A2-1890-1515AF8FE3CE}"
EndProject
Project("{4AF667D1-4EA3-38AB-3F95-99DC2D25D936}") = "Missile Game", "Assembly-CSharp-Editor-vs.csproj", "{7EBF9DA7-07E2-4950-6CCC-8A4EB59081AB}"
EndProject
Global
	GlobalSection(SolutionConfigurationPlatforms) = preSolution
		Debug|Any CPU = Debug|Any CPU
		Release|Any CPU = Release|Any CPU
	EndGlobalSection
	GlobalSection(ProjectConfigurationPlatforms) = postSolution
		{C0FAFD5A-CE82-033F-A348-3FD63FFDCA60}.Debug|Any CPU.ActiveCfg = Debug|Any CPU
		{C0FAFD5A-CE82-033F-A348-3FD63FFDCA60}.Debug|Any CPU.Build.0 = Debug|Any CPU
		{C0FAFD5A-CE82-033F-A348-3FD63FFDCA60}.Release|Any CPU.ActiveCfg = Release|Any CPU
		{C0FAFD5A-CE82-033F-A348-3FD63FFDCA60}.Release|Any CPU.Build.0 = Release|Any CPU
		{10B58E60-EBBB-10A2-1890-1515AF8FE3CE}.Debug|Any CPU.ActiveCfg = Debug|Any CPU
		{10B58E60-EBBB-10A2-1890-1515AF8FE3CE}.Debug|Any CPU.Build.0 = Debug|Any CPU
		{10B58E60-EBBB-10A2-1890-1515AF8FE3CE}.Release|Any CPU.ActiveCfg = Release|Any CPU
		{10B58E60-EBBB-10A2-1890-1515AF8FE3CE}.Release|Any CPU.Build.0 = Release|Any CPU
		{7EBF9DA7-07E2-4950-6CCC-8A4EB59081AB}.Debug|Any CPU.ActiveCfg = Debug|Any CPU
		{7EBF9DA7-07E2-4950-6CCC-8A4EB59081AB}.Debug|Any CPU.Build.0 = Debug|Any CPU
		{7EBF9DA7-07E2-4950-6CCC-8A4EB59081AB}.Release|Any CPU.ActiveCfg = Release|Any CPU
		{7EBF9DA7-07E2-4950-6CCC-8A4EB59081AB}.Release|Any CPU.Build.0 = Release|Any CPU
	EndGlobalSection
	GlobalSection(SolutionProperties) = preSolution
		HideSolutionNode = FALSE
	EndGlobalSection
																																																																																																																																																																											GlobalSection(MonoDevelopProperties) = preSolution
		StartupItem = Assembly-CSharp.csproj
		Policies = $0
		$0.TextStylePolicy = $1
		$1.inheritsSet = null
		$1.scope = text/x-csharp
		$0.CSharpFormattingPolicy = $2
		$2.inheritsSet = Mono
		$2.inheritsScope = text/x-csharp
		$2.scope = text/x-csharp
		$0.TextStylePolicy = $3
		$3.FileWidth = 120
		$3.TabWidth = 4
		$3.EolMarker = Unix
		$3.inheritsSet = Mono
		$3.inheritsScope = text/plain
		$3.scope = text/plain
	EndGlobalSection

EndGlobal
